// !$*UTF8*$!
{
	archiveVersion = 1;
	classes = {
	};
	objectVersion = 60;
	objects = {

/* Begin PBXBuildFile section */
		13E348FB2F3D212D0014EC63 /* CalendarViewModel.swift in Sources */ = {isa = PBXBuildFile; fileRef = 13E348FA2F3D21280014EC63 /* CalendarViewModel.swift */; };
		1C87865D2D8CD76900EBDF74 /* TrailingFadeGradient.swift in Sources */ = {isa = PBXBuildFile; fileRef = 1C87865C2D8CD76900EBDF74 /* TrailingFadeGradient.swift */; };
		1C87865F2D8CDADC00EBDF74 /* String+Extension.swift in Sources */ = {isa = PBXBuildFile; fileRef = 1C87865E2D8CDADC00EBDF74 /* String+Extension.swift */; };
		2384C7B81B22428D94240957 /* Highlight.swift in Sources */ = {isa = PBXBuildFile; fileRef = 840304A20FA141C291346BA8 /* Highlight.swift */; };
		2C1375CB2E7233390089EBC7 /* GoogleService-Info.plist in Resources */ = {isa = PBXBuildFile; fileRef = 2C1375CA2E7233390089EBC7 /* GoogleService-Info.plist */; };
		64005CCECEAC4FD4BA8F51D2 /* YouTubeVideo.swift in Sources */ = {isa = PBXBuildFile; fileRef = 6F3E7BD70D304BE7A01DB499 /* YouTubeVideo.swift */; };
		76101F6A2E981E3E006D6EDD /* DetailedHighlightView.swift in Sources */ = {isa = PBXBuildFile; fileRef = 76101F692E981E37006D6EDD /* DetailedHighlightView.swift */; };
		7626AD682E973D9B002149CD /* SearchView.swift in Sources */ = {isa = PBXBuildFile; fileRef = 7626AD672E973D9B002149CD /* SearchView.swift */; };
		7626AD692E973D9B002149CD /* HighlightView.swift in Sources */ = {isa = PBXBuildFile; fileRef = 7626AD642E973D9B002149CD /* HighlightView.swift */; };
		7626AD6A2E973D9B002149CD /* HighlightTile.swift in Sources */ = {isa = PBXBuildFile; fileRef = 7626AD632E973D9B002149CD /* HighlightTile.swift */; };
		7626AD6B2E973D9B002149CD /* HighlightTileArticle.swift in Sources */ = {isa = PBXBuildFile; fileRef = 7626AD652E973D9B002149CD /* HighlightTileArticle.swift */; };
		7626AD6C2E973D9B002149CD /* HighlightTileVideo.swift in Sources */ = {isa = PBXBuildFile; fileRef = 7626AD662E973D9B002149CD /* HighlightTileVideo.swift */; };
		7626AD6F2E973E08002149CD /* View+CornerRadius.swift in Sources */ = {isa = PBXBuildFile; fileRef = 7626AD6E2E973E08002149CD /* View+CornerRadius.swift */; };
		7657DD542F2470ED00AC4966 /* HighlightSearchLoadingView.swift in Sources */ = {isa = PBXBuildFile; fileRef = 7657DD532F2470E800AC4966 /* HighlightSearchLoadingView.swift */; };
		7665A4072EB00531004A9903 /* HighlightsViewModel.swift in Sources */ = {isa = PBXBuildFile; fileRef = 7665A4062EB00528004A9903 /* HighlightsViewModel.swift */; };
		7675D0932EBC0F1D00940292 /* NoHighlightView.swift in Sources */ = {isa = PBXBuildFile; fileRef = 7675D0922EBC0F1700940292 /* NoHighlightView.swift */; };
		76AED8512EC50B7F00694C0B /* YoutubeVideo.graphql in Resources */ = {isa = PBXBuildFile; fileRef = 76AED8502EC50B7100694C0B /* YoutubeVideo.graphql */; };
		76AED8532EC50C2700694C0B /* Article.graphql in Resources */ = {isa = PBXBuildFile; fileRef = 76AED8522EC50C2100694C0B /* Article.graphql */; };
		76D998E92E9F1AF900713EE5 /* SearchViewFullScreen.swift in Sources */ = {isa = PBXBuildFile; fileRef = 76D998E82E9F1AF300713EE5 /* SearchViewFullScreen.swift */; };
		76FA3E2A2F243555003433ED /* HighlightLoadingView.swift in Sources */ = {isa = PBXBuildFile; fileRef = 76FA3E292F24354D003433ED /* HighlightLoadingView.swift */; };
		B136701ECD164EE9AC64667F /* Article.swift in Sources */ = {isa = PBXBuildFile; fileRef = 6CB4DBAE237D47AB882D4EBC /* Article.swift */; };
		CE335CD32C922E8D0037F572 /* PrimaryColors.swift in Sources */ = {isa = PBXBuildFile; fileRef = CE335CD22C922E8D0037F572 /* PrimaryColors.swift */; };
		CE335CD52C922ECB0037F572 /* Constants.swift in Sources */ = {isa = PBXBuildFile; fileRef = CE335CD42C922ECB0037F572 /* Constants.swift */; };
		CE335CD72C922F390037F572 /* Dates.swift in Sources */ = {isa = PBXBuildFile; fileRef = CE335CD62C922F390037F572 /* Dates.swift */; };
		CE335CD92C9244230037F572 /* Game.swift in Sources */ = {isa = PBXBuildFile; fileRef = CE335CD82C9244230037F572 /* Game.swift */; };
		CE3C9C412D010177008BFB4C /* ScoringSummary.swift in Sources */ = {isa = PBXBuildFile; fileRef = CE3C9C402D010177008BFB4C /* ScoringSummary.swift */; };
		CE3C9C432D011A23008BFB4C /* OrdinalSuffix.swift in Sources */ = {isa = PBXBuildFile; fileRef = CE3C9C422D011A23008BFB4C /* OrdinalSuffix.swift */; };
		CE528FA02C96420700C238B5 /* PickerView.swift in Sources */ = {isa = PBXBuildFile; fileRef = CE528F9F2C96420700C238B5 /* PickerView.swift */; };
		CE528FA22C9651C800C238B5 /* UpcomingGameTile.swift in Sources */ = {isa = PBXBuildFile; fileRef = CE528FA12C9651C800C238B5 /* UpcomingGameTile.swift */; };
		CE528FA42C9653C200C238B5 /* Error.swift in Sources */ = {isa = PBXBuildFile; fileRef = CE528FA32C9653C200C238B5 /* Error.swift */; };
		CE528FE02C96A27500C238B5 /* Poppins-ExtraLight.ttf in Resources */ = {isa = PBXBuildFile; fileRef = CE528FCD2C96A27400C238B5 /* Poppins-ExtraLight.ttf */; };
		CE528FE12C96A27500C238B5 /* Poppins-ThinItalic.ttf in Resources */ = {isa = PBXBuildFile; fileRef = CE528FCE2C96A27400C238B5 /* Poppins-ThinItalic.ttf */; };
		CE528FE22C96A27500C238B5 /* Poppins-ExtraLightItalic.ttf in Resources */ = {isa = PBXBuildFile; fileRef = CE528FCF2C96A27400C238B5 /* Poppins-ExtraLightItalic.ttf */; };
		CE528FE32C96A27500C238B5 /* Poppins-BoldItalic.ttf in Resources */ = {isa = PBXBuildFile; fileRef = CE528FD02C96A27400C238B5 /* Poppins-BoldItalic.ttf */; };
		CE528FE42C96A27500C238B5 /* Poppins-Light.ttf in Resources */ = {isa = PBXBuildFile; fileRef = CE528FD12C96A27400C238B5 /* Poppins-Light.ttf */; };
		CE528FE52C96A27500C238B5 /* Poppins-Medium.ttf in Resources */ = {isa = PBXBuildFile; fileRef = CE528FD22C96A27400C238B5 /* Poppins-Medium.ttf */; };
		CE528FE62C96A27500C238B5 /* Poppins-SemiBoldItalic.ttf in Resources */ = {isa = PBXBuildFile; fileRef = CE528FD32C96A27400C238B5 /* Poppins-SemiBoldItalic.ttf */; };
		CE528FE72C96A27500C238B5 /* Poppins-ExtraBoldItalic.ttf in Resources */ = {isa = PBXBuildFile; fileRef = CE528FD42C96A27400C238B5 /* Poppins-ExtraBoldItalic.ttf */; };
		CE528FE82C96A27500C238B5 /* Poppins-ExtraBold.ttf in Resources */ = {isa = PBXBuildFile; fileRef = CE528FD52C96A27400C238B5 /* Poppins-ExtraBold.ttf */; };
		CE528FE92C96A27500C238B5 /* Poppins-BlackItalic.ttf in Resources */ = {isa = PBXBuildFile; fileRef = CE528FD62C96A27400C238B5 /* Poppins-BlackItalic.ttf */; };
		CE528FEA2C96A27500C238B5 /* OFL.txt in Resources */ = {isa = PBXBuildFile; fileRef = CE528FD72C96A27400C238B5 /* OFL.txt */; };
		CE528FEB2C96A27500C238B5 /* Poppins-Regular.ttf in Resources */ = {isa = PBXBuildFile; fileRef = CE528FD82C96A27400C238B5 /* Poppins-Regular.ttf */; };
		CE528FEC2C96A27500C238B5 /* Poppins-LightItalic.ttf in Resources */ = {isa = PBXBuildFile; fileRef = CE528FD92C96A27400C238B5 /* Poppins-LightItalic.ttf */; };
		CE528FED2C96A27500C238B5 /* Poppins-Bold.ttf in Resources */ = {isa = PBXBuildFile; fileRef = CE528FDA2C96A27400C238B5 /* Poppins-Bold.ttf */; };
		CE528FEE2C96A27500C238B5 /* Poppins-Black.ttf in Resources */ = {isa = PBXBuildFile; fileRef = CE528FDB2C96A27400C238B5 /* Poppins-Black.ttf */; };
		CE528FEF2C96A27500C238B5 /* Poppins-Thin.ttf in Resources */ = {isa = PBXBuildFile; fileRef = CE528FDC2C96A27400C238B5 /* Poppins-Thin.ttf */; };
		CE528FF02C96A27500C238B5 /* Poppins-SemiBold.ttf in Resources */ = {isa = PBXBuildFile; fileRef = CE528FDD2C96A27400C238B5 /* Poppins-SemiBold.ttf */; };
		CE528FF12C96A27500C238B5 /* Poppins-Italic.ttf in Resources */ = {isa = PBXBuildFile; fileRef = CE528FDE2C96A27400C238B5 /* Poppins-Italic.ttf */; };
		CE528FF22C96A27500C238B5 /* Poppins-MediumItalic.ttf in Resources */ = {isa = PBXBuildFile; fileRef = CE528FDF2C96A27400C238B5 /* Poppins-MediumItalic.ttf */; };
		CE528FF52C9798AC00C238B5 /* FilterTile.swift in Sources */ = {isa = PBXBuildFile; fileRef = CE528FF42C9798AC00C238B5 /* FilterTile.swift */; };
		CE528FF72C979DA000C238B5 /* GameView.swift in Sources */ = {isa = PBXBuildFile; fileRef = CE528FF62C979DA000C238B5 /* GameView.swift */; };
		CE725D3C2C89120200386943 /* Home.swift in Sources */ = {isa = PBXBuildFile; fileRef = CE725D3B2C89120200386943 /* Home.swift */; };
		CE725D3E2C89120200386943 /* ScoreApp.swift in Sources */ = {isa = PBXBuildFile; fileRef = CE725D3D2C89120200386943 /* ScoreApp.swift */; };
		CE725D402C89120400386943 /* Assets.xcassets in Resources */ = {isa = PBXBuildFile; fileRef = CE725D3F2C89120400386943 /* Assets.xcassets */; };
		CE725D432C89120400386943 /* Preview Assets.xcassets in Resources */ = {isa = PBXBuildFile; fileRef = CE725D422C89120400386943 /* Preview Assets.xcassets */; };
		CE725D4D2C89120500386943 /* score_iosTests.swift in Sources */ = {isa = PBXBuildFile; fileRef = CE725D4C2C89120500386943 /* score_iosTests.swift */; };
		CE725D572C89120500386943 /* score_iosUITests.swift in Sources */ = {isa = PBXBuildFile; fileRef = CE725D562C89120500386943 /* score_iosUITests.swift */; };
		CE725D592C89120500386943 /* score_iosUITestsLaunchTests.swift in Sources */ = {isa = PBXBuildFile; fileRef = CE725D582C89120500386943 /* score_iosUITestsLaunchTests.swift */; };
		CE7666872D5D108E00659A3B /* ScoringUpdateCell.swift in Sources */ = {isa = PBXBuildFile; fileRef = CE7666862D5D108E00659A3B /* ScoringUpdateCell.swift */; };
		CE8ED4F62D6BF35F00A274DE /* Team.swift in Sources */ = {isa = PBXBuildFile; fileRef = CE8ED4F52D6BF35F00A274DE /* Team.swift */; };
		CE8ED4F82D6BF42B00A274DE /* Sport.swift in Sources */ = {isa = PBXBuildFile; fileRef = CE8ED4F72D6BF42B00A274DE /* Sport.swift */; };
		CE8ED4FA2D6BF46300A274DE /* Sex.swift in Sources */ = {isa = PBXBuildFile; fileRef = CE8ED4F92D6BF46300A274DE /* Sex.swift */; };
		CE8ED4FC2D6BF47C00A274DE /* DummyData.swift in Sources */ = {isa = PBXBuildFile; fileRef = CE8ED4FB2D6BF47C00A274DE /* DummyData.swift */; };
		CE8ED4FE2D6BF49E00A274DE /* GameUpdate.swift in Sources */ = {isa = PBXBuildFile; fileRef = CE8ED4FD2D6BF49E00A274DE /* GameUpdate.swift */; };
		CE8ED5002D6BF4BE00A274DE /* BoxScoreUpdate.swift in Sources */ = {isa = PBXBuildFile; fileRef = CE8ED4FF2D6BF4BE00A274DE /* BoxScoreUpdate.swift */; };
		CE8ED5022D6BF4E800A274DE /* TimeUpdate.swift in Sources */ = {isa = PBXBuildFile; fileRef = CE8ED5012D6BF4E800A274DE /* TimeUpdate.swift */; };
		CE8ED5082D6C36E200A274DE /* GameListView.swift in Sources */ = {isa = PBXBuildFile; fileRef = CE8ED5072D6C36E200A274DE /* GameListView.swift */; };
		CE8ED50E2D6C3B8000A274DE /* SportSelectorView.swift in Sources */ = {isa = PBXBuildFile; fileRef = CE8ED50D2D6C3B8000A274DE /* SportSelectorView.swift */; };
		CE8ED5122D6C3FCB00A274DE /* CarouselView.swift in Sources */ = {isa = PBXBuildFile; fileRef = CE8ED5112D6C3FCB00A274DE /* CarouselView.swift */; };
		CE8ED5142D6C42D400A274DE /* GameSectionHeaderView.swift in Sources */ = {isa = PBXBuildFile; fileRef = CE8ED5132D6C42D400A274DE /* GameSectionHeaderView.swift */; };
		CEA25A932D75279A00B9837A /* ScoreEnvironment.swift in Sources */ = {isa = PBXBuildFile; fileRef = CEA25A922D75279A00B9837A /* ScoreEnvironment.swift */; };
		D0A904F52E8DDD990008194B /* FirebaseAnalytics in Frameworks */ = {isa = PBXBuildFile; productRef = D0A904F42E8DDD990008194B /* FirebaseAnalytics */; };
		D0A904F72E8DDD990008194B /* FirebaseCore in Frameworks */ = {isa = PBXBuildFile; productRef = D0A904F62E8DDD990008194B /* FirebaseCore */; };
		D0A904F92E8DDD990008194B /* FirebaseCrashlytics in Frameworks */ = {isa = PBXBuildFile; productRef = D0A904F82E8DDD990008194B /* FirebaseCrashlytics */; };
		D836AD922CB62C8800BD1545 /* NoGameView.swift in Sources */ = {isa = PBXBuildFile; fileRef = D836AD912CB62C8800BD1545 /* NoGameView.swift */; };
		D83EE8862CC9917C008B693C /* ScoreSummaryTile.swift in Sources */ = {isa = PBXBuildFile; fileRef = D83EE8852CC9917C008B693C /* ScoreSummaryTile.swift */; };
		D85802102D6C38700075B036 /* DynamicScoreBox.swift in Sources */ = {isa = PBXBuildFile; fileRef = D858020F2D6C38670075B036 /* DynamicScoreBox.swift */; };
		D86347AF2CDBD2F4003DD8F6 /* PastGameCard.swift in Sources */ = {isa = PBXBuildFile; fileRef = D86347AE2CDBD2F3003DD8F6 /* PastGameCard.swift */; };
		D86347B12CDBFF7C003DD8F6 /* UpcomingGamesView.swift in Sources */ = {isa = PBXBuildFile; fileRef = D86347B02CDBFF7C003DD8F6 /* UpcomingGamesView.swift */; };
		D86347DF2CE98B3C003DD8F6 /* MainTabView.swift in Sources */ = {isa = PBXBuildFile; fileRef = D86347DE2CE98B3C003DD8F6 /* MainTabView.swift */; };
		D86347E12CE98D37003DD8F6 /* TabViewIcon.swift in Sources */ = {isa = PBXBuildFile; fileRef = D86347E02CE98D37003DD8F6 /* TabViewIcon.swift */; };
		D864B5AB2D793A7400A3A50E /* PastGameViewModel.swift in Sources */ = {isa = PBXBuildFile; fileRef = D864B5AA2D793A7400A3A50E /* PastGameViewModel.swift */; };
		D87787C82CFFAE5A00EA79E1 /* GamesViewModel.swift in Sources */ = {isa = PBXBuildFile; fileRef = D87787C72CFFAE5200EA79E1 /* GamesViewModel.swift */; };
		D87882282CC060FC00421F67 /* GameDetailedScoreView.swift in Sources */ = {isa = PBXBuildFile; fileRef = D87882272CC060FC00421F67 /* GameDetailedScoreView.swift */; };
		D89102042CED69EF004CE226 /* Apollo in Frameworks */ = {isa = PBXBuildFile; productRef = D89102032CED69EF004CE226 /* Apollo */; };
		D89102072CED6A39004CE226 /* schema.graphqls in Resources */ = {isa = PBXBuildFile; fileRef = D89102062CED6A28004CE226 /* schema.graphqls */; };
		D891020B2CED6A8E004CE226 /* Game.graphql in Resources */ = {isa = PBXBuildFile; fileRef = D891020A2CED6A86004CE226 /* Game.graphql */; };
		D89102132CF10CA9004CE226 /* NetworkManager.swift in Sources */ = {isa = PBXBuildFile; fileRef = D89102122CF10CA5004CE226 /* NetworkManager.swift */; };
		D89102182CF151DD004CE226 /* GameAPI in Frameworks */ = {isa = PBXBuildFile; productRef = D89102172CF151DD004CE226 /* GameAPI */; };
		D89461192CBF393B0010C532 /* UpcomingCard.swift in Sources */ = {isa = PBXBuildFile; fileRef = D89461182CBF393B0010C532 /* UpcomingCard.swift */; };
		D8B1C9D12CD2CE3D0095E563 /* PastGamesView.swift in Sources */ = {isa = PBXBuildFile; fileRef = D8B1C9D02CD2CE3C0095E563 /* PastGamesView.swift */; };
		D8B1C9D32CD2D20A0095E563 /* PastGameTile.swift in Sources */ = {isa = PBXBuildFile; fileRef = D8B1C9D22CD2D20A0095E563 /* PastGameTile.swift */; };
		D8DD4E642CFD48ED00F2C46E /* Team.graphql in Resources */ = {isa = PBXBuildFile; fileRef = D8DD4E632CFD48E400F2C46E /* Team.graphql */; };
		FD5A38DB2D8F2BDD00CF5E30 /* GameLoadingView.swift in Sources */ = {isa = PBXBuildFile; fileRef = FD5A38DA2D8F2BDD00CF5E30 /* GameLoadingView.swift */; };
		FD5A38DD2D8F30CC00CF5E30 /* GameErrorView.swift in Sources */ = {isa = PBXBuildFile; fileRef = FD5A38DC2D8F30CC00CF5E30 /* GameErrorView.swift */; };
		FD5A38DF2D8F3E1400CF5E30 /* ShimmerModifier.swift in Sources */ = {isa = PBXBuildFile; fileRef = FD5A38DE2D8F3E1400CF5E30 /* ShimmerModifier.swift */; };
/* End PBXBuildFile section */

/* Begin PBXContainerItemProxy section */
		CE725D492C89120500386943 /* PBXContainerItemProxy */ = {
			isa = PBXContainerItemProxy;
			containerPortal = CE725D302C89120100386943 /* Project object */;
			proxyType = 1;
			remoteGlobalIDString = CE725D372C89120200386943;
			remoteInfo = "score-ios";
		};
		CE725D532C89120500386943 /* PBXContainerItemProxy */ = {
			isa = PBXContainerItemProxy;
			containerPortal = CE725D302C89120100386943 /* Project object */;
			proxyType = 1;
			remoteGlobalIDString = CE725D372C89120200386943;
			remoteInfo = "score-ios";
		};
/* End PBXContainerItemProxy section */

/* Begin PBXFileReference section */
		13E348FA2F3D21280014EC63 /* CalendarViewModel.swift */ = {isa = PBXFileReference; lastKnownFileType = sourcecode.swift; path = CalendarViewModel.swift; sourceTree = "<group>"; };
		1C87865C2D8CD76900EBDF74 /* TrailingFadeGradient.swift */ = {isa = PBXFileReference; lastKnownFileType = sourcecode.swift; path = TrailingFadeGradient.swift; sourceTree = "<group>"; };
		1C87865E2D8CDADC00EBDF74 /* String+Extension.swift */ = {isa = PBXFileReference; lastKnownFileType = sourcecode.swift; path = "String+Extension.swift"; sourceTree = "<group>"; };
		2C1375CA2E7233390089EBC7 /* GoogleService-Info.plist */ = {isa = PBXFileReference; lastKnownFileType = text.plist.xml; path = "GoogleService-Info.plist"; sourceTree = "<group>"; };
		6CB4DBAE237D47AB882D4EBC /* Article.swift */ = {isa = PBXFileReference; lastKnownFileType = sourcecode.swift; path = Article.swift; sourceTree = "<group>"; };
		6F3E7BD70D304BE7A01DB499 /* YouTubeVideo.swift */ = {isa = PBXFileReference; lastKnownFileType = sourcecode.swift; path = YouTubeVideo.swift; sourceTree = "<group>"; };
		76101F692E981E37006D6EDD /* DetailedHighlightView.swift */ = {isa = PBXFileReference; lastKnownFileType = sourcecode.swift; path = DetailedHighlightView.swift; sourceTree = "<group>"; };
		7626AD632E973D9B002149CD /* HighlightTile.swift */ = {isa = PBXFileReference; lastKnownFileType = sourcecode.swift; path = HighlightTile.swift; sourceTree = "<group>"; };
		7626AD642E973D9B002149CD /* HighlightView.swift */ = {isa = PBXFileReference; lastKnownFileType = sourcecode.swift; path = HighlightView.swift; sourceTree = "<group>"; };
		7626AD652E973D9B002149CD /* HighlightTileArticle.swift */ = {isa = PBXFileReference; lastKnownFileType = sourcecode.swift; path = HighlightTileArticle.swift; sourceTree = "<group>"; };
		7626AD662E973D9B002149CD /* HighlightTileVideo.swift */ = {isa = PBXFileReference; lastKnownFileType = sourcecode.swift; path = HighlightTileVideo.swift; sourceTree = "<group>"; };
		7626AD672E973D9B002149CD /* SearchView.swift */ = {isa = PBXFileReference; lastKnownFileType = sourcecode.swift; path = SearchView.swift; sourceTree = "<group>"; };
		7626AD6E2E973E08002149CD /* View+CornerRadius.swift */ = {isa = PBXFileReference; lastKnownFileType = sourcecode.swift; path = "View+CornerRadius.swift"; sourceTree = "<group>"; };
		7657DD532F2470E800AC4966 /* HighlightSearchLoadingView.swift */ = {isa = PBXFileReference; lastKnownFileType = sourcecode.swift; path = HighlightSearchLoadingView.swift; sourceTree = "<group>"; };
		7665A4062EB00528004A9903 /* HighlightsViewModel.swift */ = {isa = PBXFileReference; lastKnownFileType = sourcecode.swift; path = HighlightsViewModel.swift; sourceTree = "<group>"; };
		7675D0922EBC0F1700940292 /* NoHighlightView.swift */ = {isa = PBXFileReference; lastKnownFileType = sourcecode.swift; path = NoHighlightView.swift; sourceTree = "<group>"; };
		76AED8502EC50B7100694C0B /* YoutubeVideo.graphql */ = {isa = PBXFileReference; lastKnownFileType = text; path = YoutubeVideo.graphql; sourceTree = "<group>"; };
		76AED8522EC50C2100694C0B /* Article.graphql */ = {isa = PBXFileReference; lastKnownFileType = text; path = Article.graphql; sourceTree = "<group>"; };
		76D998E82E9F1AF300713EE5 /* SearchViewFullScreen.swift */ = {isa = PBXFileReference; lastKnownFileType = sourcecode.swift; path = SearchViewFullScreen.swift; sourceTree = "<group>"; };
		76FA3E292F24354D003433ED /* HighlightLoadingView.swift */ = {isa = PBXFileReference; lastKnownFileType = sourcecode.swift; path = HighlightLoadingView.swift; sourceTree = "<group>"; };
		840304A20FA141C291346BA8 /* Highlight.swift */ = {isa = PBXFileReference; lastKnownFileType = sourcecode.swift; path = Highlight.swift; sourceTree = "<group>"; };
		CE335CD22C922E8D0037F572 /* PrimaryColors.swift */ = {isa = PBXFileReference; lastKnownFileType = sourcecode.swift; path = PrimaryColors.swift; sourceTree = "<group>"; };
		CE335CD42C922ECB0037F572 /* Constants.swift */ = {isa = PBXFileReference; lastKnownFileType = sourcecode.swift; path = Constants.swift; sourceTree = "<group>"; };
		CE335CD62C922F390037F572 /* Dates.swift */ = {isa = PBXFileReference; lastKnownFileType = sourcecode.swift; path = Dates.swift; sourceTree = "<group>"; };
		CE335CD82C9244230037F572 /* Game.swift */ = {isa = PBXFileReference; lastKnownFileType = sourcecode.swift; path = Game.swift; sourceTree = "<group>"; };
		CE3C9C402D010177008BFB4C /* ScoringSummary.swift */ = {isa = PBXFileReference; lastKnownFileType = sourcecode.swift; path = ScoringSummary.swift; sourceTree = "<group>"; };
		CE3C9C422D011A23008BFB4C /* OrdinalSuffix.swift */ = {isa = PBXFileReference; lastKnownFileType = sourcecode.swift; path = OrdinalSuffix.swift; sourceTree = "<group>"; };
		CE528F9F2C96420700C238B5 /* PickerView.swift */ = {isa = PBXFileReference; lastKnownFileType = sourcecode.swift; path = PickerView.swift; sourceTree = "<group>"; };
		CE528FA12C9651C800C238B5 /* UpcomingGameTile.swift */ = {isa = PBXFileReference; lastKnownFileType = sourcecode.swift; path = UpcomingGameTile.swift; sourceTree = "<group>"; };
		CE528FA32C9653C200C238B5 /* Error.swift */ = {isa = PBXFileReference; lastKnownFileType = sourcecode.swift; path = Error.swift; sourceTree = "<group>"; };
		CE528FCD2C96A27400C238B5 /* Poppins-ExtraLight.ttf */ = {isa = PBXFileReference; lastKnownFileType = file; path = "Poppins-ExtraLight.ttf"; sourceTree = "<group>"; };
		CE528FCE2C96A27400C238B5 /* Poppins-ThinItalic.ttf */ = {isa = PBXFileReference; lastKnownFileType = file; path = "Poppins-ThinItalic.ttf"; sourceTree = "<group>"; };
		CE528FCF2C96A27400C238B5 /* Poppins-ExtraLightItalic.ttf */ = {isa = PBXFileReference; lastKnownFileType = file; path = "Poppins-ExtraLightItalic.ttf"; sourceTree = "<group>"; };
		CE528FD02C96A27400C238B5 /* Poppins-BoldItalic.ttf */ = {isa = PBXFileReference; lastKnownFileType = file; path = "Poppins-BoldItalic.ttf"; sourceTree = "<group>"; };
		CE528FD12C96A27400C238B5 /* Poppins-Light.ttf */ = {isa = PBXFileReference; lastKnownFileType = file; path = "Poppins-Light.ttf"; sourceTree = "<group>"; };
		CE528FD22C96A27400C238B5 /* Poppins-Medium.ttf */ = {isa = PBXFileReference; lastKnownFileType = file; path = "Poppins-Medium.ttf"; sourceTree = "<group>"; };
		CE528FD32C96A27400C238B5 /* Poppins-SemiBoldItalic.ttf */ = {isa = PBXFileReference; lastKnownFileType = file; path = "Poppins-SemiBoldItalic.ttf"; sourceTree = "<group>"; };
		CE528FD42C96A27400C238B5 /* Poppins-ExtraBoldItalic.ttf */ = {isa = PBXFileReference; lastKnownFileType = file; path = "Poppins-ExtraBoldItalic.ttf"; sourceTree = "<group>"; };
		CE528FD52C96A27400C238B5 /* Poppins-ExtraBold.ttf */ = {isa = PBXFileReference; lastKnownFileType = file; path = "Poppins-ExtraBold.ttf"; sourceTree = "<group>"; };
		CE528FD62C96A27400C238B5 /* Poppins-BlackItalic.ttf */ = {isa = PBXFileReference; lastKnownFileType = file; path = "Poppins-BlackItalic.ttf"; sourceTree = "<group>"; };
		CE528FD72C96A27400C238B5 /* OFL.txt */ = {isa = PBXFileReference; fileEncoding = 4; lastKnownFileType = text; path = OFL.txt; sourceTree = "<group>"; };
		CE528FD82C96A27400C238B5 /* Poppins-Regular.ttf */ = {isa = PBXFileReference; lastKnownFileType = file; path = "Poppins-Regular.ttf"; sourceTree = "<group>"; };
		CE528FD92C96A27400C238B5 /* Poppins-LightItalic.ttf */ = {isa = PBXFileReference; lastKnownFileType = file; path = "Poppins-LightItalic.ttf"; sourceTree = "<group>"; };
		CE528FDA2C96A27400C238B5 /* Poppins-Bold.ttf */ = {isa = PBXFileReference; lastKnownFileType = file; path = "Poppins-Bold.ttf"; sourceTree = "<group>"; };
		CE528FDB2C96A27400C238B5 /* Poppins-Black.ttf */ = {isa = PBXFileReference; lastKnownFileType = file; path = "Poppins-Black.ttf"; sourceTree = "<group>"; };
		CE528FDC2C96A27400C238B5 /* Poppins-Thin.ttf */ = {isa = PBXFileReference; lastKnownFileType = file; path = "Poppins-Thin.ttf"; sourceTree = "<group>"; };
		CE528FDD2C96A27400C238B5 /* Poppins-SemiBold.ttf */ = {isa = PBXFileReference; lastKnownFileType = file; path = "Poppins-SemiBold.ttf"; sourceTree = "<group>"; };
		CE528FDE2C96A27400C238B5 /* Poppins-Italic.ttf */ = {isa = PBXFileReference; lastKnownFileType = file; path = "Poppins-Italic.ttf"; sourceTree = "<group>"; };
		CE528FDF2C96A27400C238B5 /* Poppins-MediumItalic.ttf */ = {isa = PBXFileReference; lastKnownFileType = file; path = "Poppins-MediumItalic.ttf"; sourceTree = "<group>"; };
		CE528FF32C96A50F00C238B5 /* Info.plist */ = {isa = PBXFileReference; lastKnownFileType = text.plist; path = Info.plist; sourceTree = "<group>"; };
		CE528FF42C9798AC00C238B5 /* FilterTile.swift */ = {isa = PBXFileReference; lastKnownFileType = sourcecode.swift; path = FilterTile.swift; sourceTree = "<group>"; };
		CE528FF62C979DA000C238B5 /* GameView.swift */ = {isa = PBXFileReference; lastKnownFileType = sourcecode.swift; path = GameView.swift; sourceTree = "<group>"; };
		CE725D382C89120200386943 /* score-ios.app */ = {isa = PBXFileReference; explicitFileType = wrapper.application; includeInIndex = 0; path = "score-ios.app"; sourceTree = BUILT_PRODUCTS_DIR; };
		CE725D3B2C89120200386943 /* Home.swift */ = {isa = PBXFileReference; lastKnownFileType = sourcecode.swift; path = Home.swift; sourceTree = "<group>"; };
		CE725D3D2C89120200386943 /* ScoreApp.swift */ = {isa = PBXFileReference; lastKnownFileType = sourcecode.swift; path = ScoreApp.swift; sourceTree = "<group>"; };
		CE725D3F2C89120400386943 /* Assets.xcassets */ = {isa = PBXFileReference; lastKnownFileType = folder.assetcatalog; path = Assets.xcassets; sourceTree = "<group>"; };
		CE725D422C89120400386943 /* Preview Assets.xcassets */ = {isa = PBXFileReference; lastKnownFileType = folder.assetcatalog; path = "Preview Assets.xcassets"; sourceTree = "<group>"; };
		CE725D482C89120500386943 /* score-iosTests.xctest */ = {isa = PBXFileReference; explicitFileType = wrapper.cfbundle; includeInIndex = 0; path = "score-iosTests.xctest"; sourceTree = BUILT_PRODUCTS_DIR; };
		CE725D4C2C89120500386943 /* score_iosTests.swift */ = {isa = PBXFileReference; lastKnownFileType = sourcecode.swift; path = score_iosTests.swift; sourceTree = "<group>"; };
		CE725D522C89120500386943 /* score-iosUITests.xctest */ = {isa = PBXFileReference; explicitFileType = wrapper.cfbundle; includeInIndex = 0; path = "score-iosUITests.xctest"; sourceTree = BUILT_PRODUCTS_DIR; };
		CE725D562C89120500386943 /* score_iosUITests.swift */ = {isa = PBXFileReference; lastKnownFileType = sourcecode.swift; path = score_iosUITests.swift; sourceTree = "<group>"; };
		CE725D582C89120500386943 /* score_iosUITestsLaunchTests.swift */ = {isa = PBXFileReference; lastKnownFileType = sourcecode.swift; path = score_iosUITestsLaunchTests.swift; sourceTree = "<group>"; };
		CE7666862D5D108E00659A3B /* ScoringUpdateCell.swift */ = {isa = PBXFileReference; lastKnownFileType = sourcecode.swift; path = ScoringUpdateCell.swift; sourceTree = "<group>"; };
		CE8ED4F52D6BF35F00A274DE /* Team.swift */ = {isa = PBXFileReference; lastKnownFileType = sourcecode.swift; path = Team.swift; sourceTree = "<group>"; };
		CE8ED4F72D6BF42B00A274DE /* Sport.swift */ = {isa = PBXFileReference; lastKnownFileType = sourcecode.swift; path = Sport.swift; sourceTree = "<group>"; };
		CE8ED4F92D6BF46300A274DE /* Sex.swift */ = {isa = PBXFileReference; lastKnownFileType = sourcecode.swift; path = Sex.swift; sourceTree = "<group>"; };
		CE8ED4FB2D6BF47C00A274DE /* DummyData.swift */ = {isa = PBXFileReference; lastKnownFileType = sourcecode.swift; path = DummyData.swift; sourceTree = "<group>"; };
		CE8ED4FD2D6BF49E00A274DE /* GameUpdate.swift */ = {isa = PBXFileReference; lastKnownFileType = sourcecode.swift; path = GameUpdate.swift; sourceTree = "<group>"; };
		CE8ED4FF2D6BF4BE00A274DE /* BoxScoreUpdate.swift */ = {isa = PBXFileReference; lastKnownFileType = sourcecode.swift; path = BoxScoreUpdate.swift; sourceTree = "<group>"; };
		CE8ED5012D6BF4E800A274DE /* TimeUpdate.swift */ = {isa = PBXFileReference; lastKnownFileType = sourcecode.swift; path = TimeUpdate.swift; sourceTree = "<group>"; };
		CE8ED5072D6C36E200A274DE /* GameListView.swift */ = {isa = PBXFileReference; lastKnownFileType = sourcecode.swift; path = GameListView.swift; sourceTree = "<group>"; };
		CE8ED50D2D6C3B8000A274DE /* SportSelectorView.swift */ = {isa = PBXFileReference; lastKnownFileType = sourcecode.swift; path = SportSelectorView.swift; sourceTree = "<group>"; };
		CE8ED5112D6C3FCB00A274DE /* CarouselView.swift */ = {isa = PBXFileReference; lastKnownFileType = sourcecode.swift; path = CarouselView.swift; sourceTree = "<group>"; };
		CE8ED5132D6C42D400A274DE /* GameSectionHeaderView.swift */ = {isa = PBXFileReference; lastKnownFileType = sourcecode.swift; path = GameSectionHeaderView.swift; sourceTree = "<group>"; };
		CEA25A922D75279A00B9837A /* ScoreEnvironment.swift */ = {isa = PBXFileReference; lastKnownFileType = sourcecode.swift; path = ScoreEnvironment.swift; sourceTree = "<group>"; };
		CEA25A962D75292900B9837A /* Keys.xcconfig */ = {isa = PBXFileReference; lastKnownFileType = text.xcconfig; name = Keys.xcconfig; path = ScoreSecrets/Keys.xcconfig; sourceTree = SOURCE_ROOT; };
		D836AD912CB62C8800BD1545 /* NoGameView.swift */ = {isa = PBXFileReference; lastKnownFileType = sourcecode.swift; path = NoGameView.swift; sourceTree = "<group>"; };
		D83EE8852CC9917C008B693C /* ScoreSummaryTile.swift */ = {isa = PBXFileReference; lastKnownFileType = sourcecode.swift; path = ScoreSummaryTile.swift; sourceTree = "<group>"; };
		D858020F2D6C38670075B036 /* DynamicScoreBox.swift */ = {isa = PBXFileReference; lastKnownFileType = sourcecode.swift; path = DynamicScoreBox.swift; sourceTree = "<group>"; };
		D86347AE2CDBD2F3003DD8F6 /* PastGameCard.swift */ = {isa = PBXFileReference; lastKnownFileType = sourcecode.swift; path = PastGameCard.swift; sourceTree = "<group>"; };
		D86347B02CDBFF7C003DD8F6 /* UpcomingGamesView.swift */ = {isa = PBXFileReference; lastKnownFileType = sourcecode.swift; path = UpcomingGamesView.swift; sourceTree = "<group>"; };
		D86347DE2CE98B3C003DD8F6 /* MainTabView.swift */ = {isa = PBXFileReference; lastKnownFileType = sourcecode.swift; path = MainTabView.swift; sourceTree = "<group>"; };
		D86347E02CE98D37003DD8F6 /* TabViewIcon.swift */ = {isa = PBXFileReference; lastKnownFileType = sourcecode.swift; path = TabViewIcon.swift; sourceTree = "<group>"; };
		D864B5A92D79169C00A3A50E /* ci_post_clone.sh */ = {isa = PBXFileReference; lastKnownFileType = text.script.sh; path = ci_post_clone.sh; sourceTree = "<group>"; };
		D864B5AA2D793A7400A3A50E /* PastGameViewModel.swift */ = {isa = PBXFileReference; lastKnownFileType = sourcecode.swift; path = PastGameViewModel.swift; sourceTree = "<group>"; };
		D87787C72CFFAE5200EA79E1 /* GamesViewModel.swift */ = {isa = PBXFileReference; lastKnownFileType = sourcecode.swift; path = GamesViewModel.swift; sourceTree = "<group>"; };
		D87882272CC060FC00421F67 /* GameDetailedScoreView.swift */ = {isa = PBXFileReference; lastKnownFileType = sourcecode.swift; path = GameDetailedScoreView.swift; sourceTree = "<group>"; };
		D89102062CED6A28004CE226 /* schema.graphqls */ = {isa = PBXFileReference; lastKnownFileType = text; path = schema.graphqls; sourceTree = "<group>"; };
		D891020A2CED6A86004CE226 /* Game.graphql */ = {isa = PBXFileReference; lastKnownFileType = text; path = Game.graphql; sourceTree = "<group>"; };
		D89102122CF10CA5004CE226 /* NetworkManager.swift */ = {isa = PBXFileReference; lastKnownFileType = sourcecode.swift; path = NetworkManager.swift; sourceTree = "<group>"; };
		D89461182CBF393B0010C532 /* UpcomingCard.swift */ = {isa = PBXFileReference; lastKnownFileType = sourcecode.swift; path = UpcomingCard.swift; sourceTree = "<group>"; };
		D8B1C9D02CD2CE3C0095E563 /* PastGamesView.swift */ = {isa = PBXFileReference; lastKnownFileType = sourcecode.swift; path = PastGamesView.swift; sourceTree = "<group>"; };
		D8B1C9D22CD2D20A0095E563 /* PastGameTile.swift */ = {isa = PBXFileReference; lastKnownFileType = sourcecode.swift; path = PastGameTile.swift; sourceTree = "<group>"; };
		D8DD4E632CFD48E400F2C46E /* Team.graphql */ = {isa = PBXFileReference; lastKnownFileType = text; path = Team.graphql; sourceTree = "<group>"; };
		FD5A38DA2D8F2BDD00CF5E30 /* GameLoadingView.swift */ = {isa = PBXFileReference; lastKnownFileType = sourcecode.swift; path = GameLoadingView.swift; sourceTree = "<group>"; };
		FD5A38DC2D8F30CC00CF5E30 /* GameErrorView.swift */ = {isa = PBXFileReference; lastKnownFileType = sourcecode.swift; path = GameErrorView.swift; sourceTree = "<group>"; };
		FD5A38DE2D8F3E1400CF5E30 /* ShimmerModifier.swift */ = {isa = PBXFileReference; lastKnownFileType = sourcecode.swift; path = ShimmerModifier.swift; sourceTree = "<group>"; };
/* End PBXFileReference section */

/* Begin PBXFrameworksBuildPhase section */
		CE725D352C89120200386943 /* Frameworks */ = {
			isa = PBXFrameworksBuildPhase;
			buildActionMask = 2147483647;
			files = (
				D89102042CED69EF004CE226 /* Apollo in Frameworks */,
				D0A904F92E8DDD990008194B /* FirebaseCrashlytics in Frameworks */,
				D0A904F72E8DDD990008194B /* FirebaseCore in Frameworks */,
				D89102182CF151DD004CE226 /* GameAPI in Frameworks */,
				D0A904F52E8DDD990008194B /* FirebaseAnalytics in Frameworks */,
			);
			runOnlyForDeploymentPostprocessing = 0;
		};
		CE725D452C89120500386943 /* Frameworks */ = {
			isa = PBXFrameworksBuildPhase;
			buildActionMask = 2147483647;
			files = (
			);
			runOnlyForDeploymentPostprocessing = 0;
		};
		CE725D4F2C89120500386943 /* Frameworks */ = {
			isa = PBXFrameworksBuildPhase;
			buildActionMask = 2147483647;
			files = (
			);
			runOnlyForDeploymentPostprocessing = 0;
		};
/* End PBXFrameworksBuildPhase section */

/* Begin PBXGroup section */
		1C87865B2D8CD73C00EBDF74 /* ViewModifiers */ = {
			isa = PBXGroup;
			children = (
				1C87865C2D8CD76900EBDF74 /* TrailingFadeGradient.swift */,
			);
			path = ViewModifiers;
			sourceTree = "<group>";
		};
		CE335CCC2C9226F90037F572 /* Models */ = {
			isa = PBXGroup;
			children = (
				D89102052CED6A1E004CE226 /* GraphQL */,
				CE335CD82C9244230037F572 /* Game.swift */,
				CE8ED4F52D6BF35F00A274DE /* Team.swift */,
				CE8ED4F72D6BF42B00A274DE /* Sport.swift */,
				CE8ED4F92D6BF46300A274DE /* Sex.swift */,
				CE8ED4FB2D6BF47C00A274DE /* DummyData.swift */,
				CE8ED4FD2D6BF49E00A274DE /* GameUpdate.swift */,
				CE8ED4FF2D6BF4BE00A274DE /* BoxScoreUpdate.swift */,
				CE8ED5012D6BF4E800A274DE /* TimeUpdate.swift */,
				6CB4DBAE237D47AB882D4EBC /* Article.swift */,
				6F3E7BD70D304BE7A01DB499 /* YouTubeVideo.swift */,
				840304A20FA141C291346BA8 /* Highlight.swift */,
			);
			path = Models;
			sourceTree = "<group>";
		};
		CE335CCD2C9227000037F572 /* Resources */ = {
			isa = PBXGroup;
			children = (
				CE528FCC2C96A27400C238B5 /* Poppins */,
				CE725D3F2C89120400386943 /* Assets.xcassets */,
			);
			path = Resources;
			sourceTree = "<group>";
		};
		CE335CCE2C9227050037F572 /* Utils */ = {
			isa = PBXGroup;
			children = (
				1C87865B2D8CD73C00EBDF74 /* ViewModifiers */,
				CE335CD22C922E8D0037F572 /* PrimaryColors.swift */,
				CE335CD42C922ECB0037F572 /* Constants.swift */,
				7626AD6E2E973E08002149CD /* View+CornerRadius.swift */,
				CE335CD62C922F390037F572 /* Dates.swift */,
				CE528FA32C9653C200C238B5 /* Error.swift */,
				CE3C9C422D011A23008BFB4C /* OrdinalSuffix.swift */,
				FD5A38DE2D8F3E1400CF5E30 /* ShimmerModifier.swift */,
				1C87865E2D8CDADC00EBDF74 /* String+Extension.swift */,
			);
			path = Utils;
			sourceTree = "<group>";
		};
		CE335CD12C9227170037F572 /* Views */ = {
			isa = PBXGroup;
			children = (
				CE8ED50C2D6C388E00A274DE /* ListViews */,
				CE8ED50B2D6C386B00A274DE /* DetailedViews */,
				CE8ED50A2D6C385E00A274DE /* MainViews */,
			);
			path = Views;
			sourceTree = "<group>";
		};
		CE528FCC2C96A27400C238B5 /* Poppins */ = {
			isa = PBXGroup;
			children = (
				CE528FCD2C96A27400C238B5 /* Poppins-ExtraLight.ttf */,
				CE528FCE2C96A27400C238B5 /* Poppins-ThinItalic.ttf */,
				CE528FCF2C96A27400C238B5 /* Poppins-ExtraLightItalic.ttf */,
				CE528FD02C96A27400C238B5 /* Poppins-BoldItalic.ttf */,
				CE528FD12C96A27400C238B5 /* Poppins-Light.ttf */,
				CE528FD22C96A27400C238B5 /* Poppins-Medium.ttf */,
				CE528FD32C96A27400C238B5 /* Poppins-SemiBoldItalic.ttf */,
				CE528FD42C96A27400C238B5 /* Poppins-ExtraBoldItalic.ttf */,
				CE528FD52C96A27400C238B5 /* Poppins-ExtraBold.ttf */,
				CE528FD62C96A27400C238B5 /* Poppins-BlackItalic.ttf */,
				CE528FD72C96A27400C238B5 /* OFL.txt */,
				CE528FD82C96A27400C238B5 /* Poppins-Regular.ttf */,
				CE528FD92C96A27400C238B5 /* Poppins-LightItalic.ttf */,
				CE528FDA2C96A27400C238B5 /* Poppins-Bold.ttf */,
				CE528FDB2C96A27400C238B5 /* Poppins-Black.ttf */,
				CE528FDC2C96A27400C238B5 /* Poppins-Thin.ttf */,
				CE528FDD2C96A27400C238B5 /* Poppins-SemiBold.ttf */,
				CE528FDE2C96A27400C238B5 /* Poppins-Italic.ttf */,
				CE528FDF2C96A27400C238B5 /* Poppins-MediumItalic.ttf */,
			);
			path = Poppins;
			sourceTree = "<group>";
		};
		CE725D2F2C89120100386943 = {
			isa = PBXGroup;
			children = (
				D864B5A82D79168800A3A50E /* ci_scripts */,
				CEA25A972D752C6F00B9837A /* ScoreSecrets */,
				CE725D3A2C89120200386943 /* score-ios */,
				CE725D4B2C89120500386943 /* score-iosTests */,
				CE725D552C89120500386943 /* score-iosUITests */,
				D89102022CED69EF004CE226 /* Frameworks */,
				CE725D392C89120200386943 /* Products */,
			);
			sourceTree = "<group>";
		};
		CE725D392C89120200386943 /* Products */ = {
			isa = PBXGroup;
			children = (
				CE725D382C89120200386943 /* score-ios.app */,
				CE725D482C89120500386943 /* score-iosTests.xctest */,
				CE725D522C89120500386943 /* score-iosUITests.xctest */,
			);
			name = Products;
			sourceTree = "<group>";
		};
		CE725D3A2C89120200386943 /* score-ios */ = {
			isa = PBXGroup;
			children = (
				CEA25A912D75278800B9837A /* Config */,
				D87787C62CFFAE3D00EA79E1 /* ViewModels */,
				D891020D2CF0EB88004CE226 /* Networking */,
				CE528FF32C96A50F00C238B5 /* Info.plist */,
				CE725D412C89120400386943 /* Preview Content */,
				CE335CD12C9227170037F572 /* Views */,
				CE335CCE2C9227050037F572 /* Utils */,
				CE335CCD2C9227000037F572 /* Resources */,
				CE335CCC2C9226F90037F572 /* Models */,
			);
			path = "score-ios";
			sourceTree = "<group>";
		};
		CE725D412C89120400386943 /* Preview Content */ = {
			isa = PBXGroup;
			children = (
				CE725D422C89120400386943 /* Preview Assets.xcassets */,
			);
			path = "Preview Content";
			sourceTree = "<group>";
		};
		CE725D4B2C89120500386943 /* score-iosTests */ = {
			isa = PBXGroup;
			children = (
				CE725D4C2C89120500386943 /* score_iosTests.swift */,
			);
			path = "score-iosTests";
			sourceTree = "<group>";
		};
		CE725D552C89120500386943 /* score-iosUITests */ = {
			isa = PBXGroup;
			children = (
				CE725D562C89120500386943 /* score_iosUITests.swift */,
				CE725D582C89120500386943 /* score_iosUITestsLaunchTests.swift */,
			);
			path = "score-iosUITests";
			sourceTree = "<group>";
		};
		CE8ED50A2D6C385E00A274DE /* MainViews */ = {
			isa = PBXGroup;
			children = (
				CE725D3D2C89120200386943 /* ScoreApp.swift */,
				D86347DE2CE98B3C003DD8F6 /* MainTabView.swift */,
				D86347E02CE98D37003DD8F6 /* TabViewIcon.swift */,
				76D998E82E9F1AF300713EE5 /* SearchViewFullScreen.swift */,
				CE725D3B2C89120200386943 /* Home.swift */,
			);
			path = MainViews;
			sourceTree = "<group>";
		};
		CE8ED50B2D6C386B00A274DE /* DetailedViews */ = {
			isa = PBXGroup;
			children = (
				D858020F2D6C38670075B036 /* DynamicScoreBox.swift */,
				D83EE8852CC9917C008B693C /* ScoreSummaryTile.swift */,
				76101F692E981E37006D6EDD /* DetailedHighlightView.swift */,
				D89461182CBF393B0010C532 /* UpcomingCard.swift */,
				CE7666862D5D108E00659A3B /* ScoringUpdateCell.swift */,
				D86347AE2CDBD2F3003DD8F6 /* PastGameCard.swift */,
				CE528FF62C979DA000C238B5 /* GameView.swift */,
				D836AD912CB62C8800BD1545 /* NoGameView.swift */,
				7675D0922EBC0F1700940292 /* NoHighlightView.swift */,
				D87882272CC060FC00421F67 /* GameDetailedScoreView.swift */,
				CE3C9C402D010177008BFB4C /* ScoringSummary.swift */,
			);
			path = DetailedViews;
			sourceTree = "<group>";
		};
		CE8ED50C2D6C388E00A274DE /* ListViews */ = {
			isa = PBXGroup;
			children = (
				CE528FA12C9651C800C238B5 /* UpcomingGameTile.swift */,
				D86347B02CDBFF7C003DD8F6 /* UpcomingGamesView.swift */,
				7626AD632E973D9B002149CD /* HighlightTile.swift */,
				7626AD642E973D9B002149CD /* HighlightView.swift */,
				7626AD652E973D9B002149CD /* HighlightTileArticle.swift */,
				7626AD662E973D9B002149CD /* HighlightTileVideo.swift */,
				7626AD672E973D9B002149CD /* SearchView.swift */,
				D8B1C9D22CD2D20A0095E563 /* PastGameTile.swift */,
				D8B1C9D02CD2CE3C0095E563 /* PastGamesView.swift */,
				CE528F9F2C96420700C238B5 /* PickerView.swift */,
				CE528FF42C9798AC00C238B5 /* FilterTile.swift */,
				CE8ED5072D6C36E200A274DE /* GameListView.swift */,
				CE8ED50D2D6C3B8000A274DE /* SportSelectorView.swift */,
				CE8ED5112D6C3FCB00A274DE /* CarouselView.swift */,
				CE8ED5132D6C42D400A274DE /* GameSectionHeaderView.swift */,
				FD5A38DA2D8F2BDD00CF5E30 /* GameLoadingView.swift */,
				FD5A38DC2D8F30CC00CF5E30 /* GameErrorView.swift */,
				76FA3E292F24354D003433ED /* HighlightLoadingView.swift */,
				7657DD532F2470E800AC4966 /* HighlightSearchLoadingView.swift */,
			);
			path = ListViews;
			sourceTree = "<group>";
		};
		CEA25A912D75278800B9837A /* Config */ = {
			isa = PBXGroup;
			children = (
				CEA25A922D75279A00B9837A /* ScoreEnvironment.swift */,
			);
			path = Config;
			sourceTree = "<group>";
		};
		CEA25A972D752C6F00B9837A /* ScoreSecrets */ = {
			isa = PBXGroup;
			children = (
				2C1375CA2E7233390089EBC7 /* GoogleService-Info.plist */,
				CEA25A962D75292900B9837A /* Keys.xcconfig */,
			);
			path = ScoreSecrets;
			sourceTree = "<group>";
		};
		D864B5A82D79168800A3A50E /* ci_scripts */ = {
			isa = PBXGroup;
			children = (
				D864B5A92D79169C00A3A50E /* ci_post_clone.sh */,
			);
			path = ci_scripts;
			sourceTree = "<group>";
		};
		D87787C62CFFAE3D00EA79E1 /* ViewModels */ = {
			isa = PBXGroup;
			children = (
				13E348FA2F3D21280014EC63 /* CalendarViewModel.swift */,
				D87787C72CFFAE5200EA79E1 /* GamesViewModel.swift */,
				7665A4062EB00528004A9903 /* HighlightsViewModel.swift */,
				D864B5AA2D793A7400A3A50E /* PastGameViewModel.swift */,
			);
			path = ViewModels;
			sourceTree = "<group>";
		};
		D89102022CED69EF004CE226 /* Frameworks */ = {
			isa = PBXGroup;
			children = (
			);
			name = Frameworks;
			sourceTree = "<group>";
		};
		D89102052CED6A1E004CE226 /* GraphQL */ = {
			isa = PBXGroup;
			children = (
				D8DD4E632CFD48E400F2C46E /* Team.graphql */,
				D891020A2CED6A86004CE226 /* Game.graphql */,
				76AED8522EC50C2100694C0B /* Article.graphql */,
				76AED8502EC50B7100694C0B /* YoutubeVideo.graphql */,
				D89102062CED6A28004CE226 /* schema.graphqls */,
			);
			path = GraphQL;
			sourceTree = "<group>";
		};
		D891020D2CF0EB88004CE226 /* Networking */ = {
			isa = PBXGroup;
			children = (
				D89102122CF10CA5004CE226 /* NetworkManager.swift */,
			);
			path = Networking;
			sourceTree = "<group>";
		};
/* End PBXGroup section */

/* Begin PBXNativeTarget section */
		CE725D372C89120200386943 /* score-ios */ = {
			isa = PBXNativeTarget;
			buildConfigurationList = CE725D5C2C89120500386943 /* Build configuration list for PBXNativeTarget "score-ios" */;
			buildPhases = (
				D89102112CF0EDDF004CE226 /* Generate Apollo GraphQL API */,
				CE725D342C89120200386943 /* Sources */,
				CE725D352C89120200386943 /* Frameworks */,
				CE725D362C89120200386943 /* Resources */,
				7678455030562138009F39C5 /* Crashlytics Run Script */,
			);
			buildRules = (
			);
			dependencies = (
			);
			name = "score-ios";
			productName = "score-ios";
			productReference = CE725D382C89120200386943 /* score-ios.app */;
			productType = "com.apple.product-type.application";
		};
		CE725D472C89120500386943 /* score-iosTests */ = {
			isa = PBXNativeTarget;
			buildConfigurationList = CE725D5F2C89120500386943 /* Build configuration list for PBXNativeTarget "score-iosTests" */;
			buildPhases = (
				CE725D442C89120500386943 /* Sources */,
				CE725D452C89120500386943 /* Frameworks */,
				CE725D462C89120500386943 /* Resources */,
			);
			buildRules = (
			);
			dependencies = (
				CE725D4A2C89120500386943 /* PBXTargetDependency */,
			);
			name = "score-iosTests";
			productName = "score-iosTests";
			productReference = CE725D482C89120500386943 /* score-iosTests.xctest */;
			productType = "com.apple.product-type.bundle.unit-test";
		};
		CE725D512C89120500386943 /* score-iosUITests */ = {
			isa = PBXNativeTarget;
			buildConfigurationList = CE725D622C89120500386943 /* Build configuration list for PBXNativeTarget "score-iosUITests" */;
			buildPhases = (
				CE725D4E2C89120500386943 /* Sources */,
				CE725D4F2C89120500386943 /* Frameworks */,
				CE725D502C89120500386943 /* Resources */,
			);
			buildRules = (
			);
			dependencies = (
				CE725D542C89120500386943 /* PBXTargetDependency */,
			);
			name = "score-iosUITests";
			productName = "score-iosUITests";
			productReference = CE725D522C89120500386943 /* score-iosUITests.xctest */;
			productType = "com.apple.product-type.bundle.ui-testing";
		};
/* End PBXNativeTarget section */

/* Begin PBXProject section */
		CE725D302C89120100386943 /* Project object */ = {
			isa = PBXProject;
			attributes = {
				BuildIndependentTargetsInParallel = 1;
				LastSwiftUpdateCheck = 1510;
				LastUpgradeCheck = 1620;
				TargetAttributes = {
					CE725D372C89120200386943 = {
						CreatedOnToolsVersion = 15.1;
					};
					CE725D472C89120500386943 = {
						CreatedOnToolsVersion = 15.1;
						TestTargetID = CE725D372C89120200386943;
					};
					CE725D512C89120500386943 = {
						CreatedOnToolsVersion = 15.1;
						TestTargetID = CE725D372C89120200386943;
					};
				};
			};
			buildConfigurationList = CE725D332C89120100386943 /* Build configuration list for PBXProject "score-ios" */;
			compatibilityVersion = "Xcode 14.0";
			developmentRegion = en;
			hasScannedForEncodings = 0;
			knownRegions = (
				en,
				Base,
			);
			mainGroup = CE725D2F2C89120100386943;
			packageReferences = (
				D89102012CED68D9004CE226 /* XCRemoteSwiftPackageReference "apollo-ios" */,
				D0A904F32E8DDD990008194B /* XCRemoteSwiftPackageReference "firebase-ios-sdk" */,
				761050E32EC50DCC00FD73F8 /* XCLocalSwiftPackageReference "gameAPI" */,
			);
			productRefGroup = CE725D392C89120200386943 /* Products */;
			projectDirPath = "";
			projectRoot = "";
			targets = (
				CE725D372C89120200386943 /* score-ios */,
				CE725D472C89120500386943 /* score-iosTests */,
				CE725D512C89120500386943 /* score-iosUITests */,
			);
		};
/* End PBXProject section */

/* Begin PBXResourcesBuildPhase section */
		CE725D362C89120200386943 /* Resources */ = {
			isa = PBXResourcesBuildPhase;
			buildActionMask = 2147483647;
			files = (
				D8DD4E642CFD48ED00F2C46E /* Team.graphql in Resources */,
				D891020B2CED6A8E004CE226 /* Game.graphql in Resources */,
				2C1375CB2E7233390089EBC7 /* GoogleService-Info.plist in Resources */,
				76AED8512EC50B7F00694C0B /* YoutubeVideo.graphql in Resources */,
				CE528FE42C96A27500C238B5 /* Poppins-Light.ttf in Resources */,
				CE528FEE2C96A27500C238B5 /* Poppins-Black.ttf in Resources */,
				CE528FEC2C96A27500C238B5 /* Poppins-LightItalic.ttf in Resources */,
				76AED8532EC50C2700694C0B /* Article.graphql in Resources */,
				CE528FEF2C96A27500C238B5 /* Poppins-Thin.ttf in Resources */,
				CE528FE02C96A27500C238B5 /* Poppins-ExtraLight.ttf in Resources */,
				CE528FF02C96A27500C238B5 /* Poppins-SemiBold.ttf in Resources */,
				CE528FED2C96A27500C238B5 /* Poppins-Bold.ttf in Resources */,
				CE528FE12C96A27500C238B5 /* Poppins-ThinItalic.ttf in Resources */,
				CE528FE22C96A27500C238B5 /* Poppins-ExtraLightItalic.ttf in Resources */,
				CE528FE92C96A27500C238B5 /* Poppins-BlackItalic.ttf in Resources */,
				D89102072CED6A39004CE226 /* schema.graphqls in Resources */,
				CE528FE72C96A27500C238B5 /* Poppins-ExtraBoldItalic.ttf in Resources */,
				CE528FE32C96A27500C238B5 /* Poppins-BoldItalic.ttf in Resources */,
				CE528FE62C96A27500C238B5 /* Poppins-SemiBoldItalic.ttf in Resources */,
				CE528FEA2C96A27500C238B5 /* OFL.txt in Resources */,
				CE528FEB2C96A27500C238B5 /* Poppins-Regular.ttf in Resources */,
				CE528FE82C96A27500C238B5 /* Poppins-ExtraBold.ttf in Resources */,
				CE528FE52C96A27500C238B5 /* Poppins-Medium.ttf in Resources */,
				CE725D432C89120400386943 /* Preview Assets.xcassets in Resources */,
				CE528FF12C96A27500C238B5 /* Poppins-Italic.ttf in Resources */,
				CE528FF22C96A27500C238B5 /* Poppins-MediumItalic.ttf in Resources */,
				CE725D402C89120400386943 /* Assets.xcassets in Resources */,
			);
			runOnlyForDeploymentPostprocessing = 0;
		};
		CE725D462C89120500386943 /* Resources */ = {
			isa = PBXResourcesBuildPhase;
			buildActionMask = 2147483647;
			files = (
			);
			runOnlyForDeploymentPostprocessing = 0;
		};
		CE725D502C89120500386943 /* Resources */ = {
			isa = PBXResourcesBuildPhase;
			buildActionMask = 2147483647;
			files = (
			);
			runOnlyForDeploymentPostprocessing = 0;
		};
/* End PBXResourcesBuildPhase section */

/* Begin PBXShellScriptBuildPhase section */
		7678455030562138009F39C5 /* Crashlytics Run Script */ = {
			isa = PBXShellScriptBuildPhase;
			alwaysOutOfDate = 1;
			buildActionMask = 2147483647;
			files = (
			);
			inputFileListPaths = (
			);
			inputPaths = (
				"${DWARF_DSYM_FOLDER_PATH}/${DWARF_DSYM_FILE_NAME}",
				"${DWARF_DSYM_FOLDER_PATH}/${DWARF_DSYM_FILE_NAME}/Contents/Resources/DWARF/${TARGET_NAME}",
				"${DWARF_DSYM_FOLDER_PATH}/${DWARF_DSYM_FILE_NAME}/Contents/Info.plist",
				"$(TARGET_BUILD_DIR)/$(UNLOCALIZED_RESOURCES_FOLDER_PATH)/GoogleService-Info.plist",
				"$(TARGET_BUILD_DIR)/$(EXECUTABLE_PATH)",
				"${DWARF_DSYM_FOLDER_PATH}/${DWARF_DSYM_FILE_NAME}/Contents/Resources/DWARF/${PRODUCT_NAME}.debug.dylib",
			);
			name = "Crashlytics Run Script";
			outputFileListPaths = (
			);
			outputPaths = (
			);
			runOnlyForDeploymentPostprocessing = 0;
			shellPath = /bin/sh;
			shellScript = "\"${BUILD_DIR%/Build/*}/SourcePackages/checkouts/firebase-ios-sdk/Crashlytics/run\"\n";
		};
		D89102112CF0EDDF004CE226 /* Generate Apollo GraphQL API */ = {
			isa = PBXShellScriptBuildPhase;
			buildActionMask = 2147483647;
			files = (
			);
			inputFileListPaths = (
			);
			inputPaths = (
			);
			name = "Generate Apollo GraphQL API";
			outputFileListPaths = (
			);
			outputPaths = (
			);
			runOnlyForDeploymentPostprocessing = 0;
			shellPath = /bin/sh;
			shellScript = "# Type a script or drag a script file from your workspace to insert its path.\n";
		};
/* End PBXShellScriptBuildPhase section */

/* Begin PBXSourcesBuildPhase section */
		CE725D342C89120200386943 /* Sources */ = {
			isa = PBXSourcesBuildPhase;
			buildActionMask = 2147483647;
			files = (
				CE3C9C432D011A23008BFB4C /* OrdinalSuffix.swift in Sources */,
				CE8ED5022D6BF4E800A274DE /* TimeUpdate.swift in Sources */,
				D89102132CF10CA9004CE226 /* NetworkManager.swift in Sources */,
				CE725D3E2C89120200386943 /* ScoreApp.swift in Sources */,
				D836AD922CB62C8800BD1545 /* NoGameView.swift in Sources */,
				7626AD682E973D9B002149CD /* SearchView.swift in Sources */,
				7626AD692E973D9B002149CD /* HighlightView.swift in Sources */,
				76101F6A2E981E3E006D6EDD /* DetailedHighlightView.swift in Sources */,
				7626AD6A2E973D9B002149CD /* HighlightTile.swift in Sources */,
				7626AD6B2E973D9B002149CD /* HighlightTileArticle.swift in Sources */,
				7626AD6C2E973D9B002149CD /* HighlightTileVideo.swift in Sources */,
				CE528FF52C9798AC00C238B5 /* FilterTile.swift in Sources */,
				CE7666872D5D108E00659A3B /* ScoringUpdateCell.swift in Sources */,
				76D998E92E9F1AF900713EE5 /* SearchViewFullScreen.swift in Sources */,
				D85802102D6C38700075B036 /* DynamicScoreBox.swift in Sources */,
				D8B1C9D32CD2D20A0095E563 /* PastGameTile.swift in Sources */,
				7626AD6F2E973E08002149CD /* View+CornerRadius.swift in Sources */,
				CE528FA22C9651C800C238B5 /* UpcomingGameTile.swift in Sources */,
				FD5A38DD2D8F30CC00CF5E30 /* GameErrorView.swift in Sources */,
				CEA25A932D75279A00B9837A /* ScoreEnvironment.swift in Sources */,
				FD5A38DB2D8F2BDD00CF5E30 /* GameLoadingView.swift in Sources */,
				B136701ECD164EE9AC64667F /* Article.swift in Sources */,
				64005CCECEAC4FD4BA8F51D2 /* YouTubeVideo.swift in Sources */,
				13E348FB2F3D212D0014EC63 /* CalendarViewModel.swift in Sources */,
				2384C7B81B22428D94240957 /* Highlight.swift in Sources */,
				CE8ED4FC2D6BF47C00A274DE /* DummyData.swift in Sources */,
				CE335CD92C9244230037F572 /* Game.swift in Sources */,
				D87787C82CFFAE5A00EA79E1 /* GamesViewModel.swift in Sources */,
				CE335CD72C922F390037F572 /* Dates.swift in Sources */,
				D86347AF2CDBD2F4003DD8F6 /* PastGameCard.swift in Sources */,
				CE8ED5122D6C3FCB00A274DE /* CarouselView.swift in Sources */,
				76FA3E2A2F243555003433ED /* HighlightLoadingView.swift in Sources */,
				CE528FF72C979DA000C238B5 /* GameView.swift in Sources */,
				1C87865D2D8CD76900EBDF74 /* TrailingFadeGradient.swift in Sources */,
				CE8ED4F82D6BF42B00A274DE /* Sport.swift in Sources */,
				7657DD542F2470ED00AC4966 /* HighlightSearchLoadingView.swift in Sources */,
				D87882282CC060FC00421F67 /* GameDetailedScoreView.swift in Sources */,
				D864B5AB2D793A7400A3A50E /* PastGameViewModel.swift in Sources */,
				D83EE8862CC9917C008B693C /* ScoreSummaryTile.swift in Sources */,
				CE8ED5002D6BF4BE00A274DE /* BoxScoreUpdate.swift in Sources */,
				D89461192CBF393B0010C532 /* UpcomingCard.swift in Sources */,
				CE8ED4F62D6BF35F00A274DE /* Team.swift in Sources */,
				CE8ED4FA2D6BF46300A274DE /* Sex.swift in Sources */,
				D8B1C9D12CD2CE3D0095E563 /* PastGamesView.swift in Sources */,
				CE335CD32C922E8D0037F572 /* PrimaryColors.swift in Sources */,
				CE725D3C2C89120200386943 /* Home.swift in Sources */,
				FD5A38DF2D8F3E1400CF5E30 /* ShimmerModifier.swift in Sources */,
				CE528FA02C96420700C238B5 /* PickerView.swift in Sources */,
				CE528FA42C9653C200C238B5 /* Error.swift in Sources */,
				CE335CD52C922ECB0037F572 /* Constants.swift in Sources */,
				CE8ED4FE2D6BF49E00A274DE /* GameUpdate.swift in Sources */,
				7665A4072EB00531004A9903 /* HighlightsViewModel.swift in Sources */,
				D86347E12CE98D37003DD8F6 /* TabViewIcon.swift in Sources */,
				CE3C9C412D010177008BFB4C /* ScoringSummary.swift in Sources */,
				CE8ED50E2D6C3B8000A274DE /* SportSelectorView.swift in Sources */,
				CE8ED5082D6C36E200A274DE /* GameListView.swift in Sources */,
				CE8ED5142D6C42D400A274DE /* GameSectionHeaderView.swift in Sources */,
				7675D0932EBC0F1D00940292 /* NoHighlightView.swift in Sources */,
				D86347B12CDBFF7C003DD8F6 /* UpcomingGamesView.swift in Sources */,
				D86347DF2CE98B3C003DD8F6 /* MainTabView.swift in Sources */,
				1C87865F2D8CDADC00EBDF74 /* String+Extension.swift in Sources */,
			);
			runOnlyForDeploymentPostprocessing = 0;
		};
		CE725D442C89120500386943 /* Sources */ = {
			isa = PBXSourcesBuildPhase;
			buildActionMask = 2147483647;
			files = (
				CE725D4D2C89120500386943 /* score_iosTests.swift in Sources */,
			);
			runOnlyForDeploymentPostprocessing = 0;
		};
		CE725D4E2C89120500386943 /* Sources */ = {
			isa = PBXSourcesBuildPhase;
			buildActionMask = 2147483647;
			files = (
				CE725D572C89120500386943 /* score_iosUITests.swift in Sources */,
				CE725D592C89120500386943 /* score_iosUITestsLaunchTests.swift in Sources */,
			);
			runOnlyForDeploymentPostprocessing = 0;
		};
/* End PBXSourcesBuildPhase section */

/* Begin PBXTargetDependency section */
		CE725D4A2C89120500386943 /* PBXTargetDependency */ = {
			isa = PBXTargetDependency;
			target = CE725D372C89120200386943 /* score-ios */;
			targetProxy = CE725D492C89120500386943 /* PBXContainerItemProxy */;
		};
		CE725D542C89120500386943 /* PBXTargetDependency */ = {
			isa = PBXTargetDependency;
			target = CE725D372C89120200386943 /* score-ios */;
			targetProxy = CE725D532C89120500386943 /* PBXContainerItemProxy */;
		};
/* End PBXTargetDependency section */

/* Begin XCBuildConfiguration section */
		CE725D5A2C89120500386943 /* Debug */ = {
			isa = XCBuildConfiguration;
			buildSettings = {
				ALWAYS_SEARCH_USER_PATHS = NO;
				ASSETCATALOG_COMPILER_GENERATE_SWIFT_ASSET_SYMBOL_EXTENSIONS = YES;
				CLANG_ANALYZER_NONNULL = YES;
				CLANG_ANALYZER_NUMBER_OBJECT_CONVERSION = YES_AGGRESSIVE;
				CLANG_CXX_LANGUAGE_STANDARD = "gnu++20";
				CLANG_ENABLE_MODULES = YES;
				CLANG_ENABLE_OBJC_ARC = YES;
				CLANG_ENABLE_OBJC_WEAK = YES;
				CLANG_WARN_BLOCK_CAPTURE_AUTORELEASING = YES;
				CLANG_WARN_BOOL_CONVERSION = YES;
				CLANG_WARN_COMMA = YES;
				CLANG_WARN_CONSTANT_CONVERSION = YES;
				CLANG_WARN_DEPRECATED_OBJC_IMPLEMENTATIONS = YES;
				CLANG_WARN_DIRECT_OBJC_ISA_USAGE = YES_ERROR;
				CLANG_WARN_DOCUMENTATION_COMMENTS = YES;
				CLANG_WARN_EMPTY_BODY = YES;
				CLANG_WARN_ENUM_CONVERSION = YES;
				CLANG_WARN_INFINITE_RECURSION = YES;
				CLANG_WARN_INT_CONVERSION = YES;
				CLANG_WARN_NON_LITERAL_NULL_CONVERSION = YES;
				CLANG_WARN_OBJC_IMPLICIT_RETAIN_SELF = YES;
				CLANG_WARN_OBJC_LITERAL_CONVERSION = YES;
				CLANG_WARN_OBJC_ROOT_CLASS = YES_ERROR;
				CLANG_WARN_QUOTED_INCLUDE_IN_FRAMEWORK_HEADER = YES;
				CLANG_WARN_RANGE_LOOP_ANALYSIS = YES;
				CLANG_WARN_STRICT_PROTOTYPES = YES;
				CLANG_WARN_SUSPICIOUS_MOVE = YES;
				CLANG_WARN_UNGUARDED_AVAILABILITY = YES_AGGRESSIVE;
				CLANG_WARN_UNREACHABLE_CODE = YES;
				CLANG_WARN__DUPLICATE_METHOD_MATCH = YES;
				COPY_PHASE_STRIP = NO;
				DEBUG_INFORMATION_FORMAT = "dwarf-with-dsym";
				ENABLE_STRICT_OBJC_MSGSEND = YES;
				ENABLE_TESTABILITY = YES;
				ENABLE_USER_SCRIPT_SANDBOXING = NO;
				GCC_C_LANGUAGE_STANDARD = gnu17;
				GCC_DYNAMIC_NO_PIC = NO;
				GCC_NO_COMMON_BLOCKS = YES;
				GCC_OPTIMIZATION_LEVEL = 0;
				GCC_PREPROCESSOR_DEFINITIONS = (
					"DEBUG=1",
					"$(inherited)",
				);
				GCC_WARN_64_TO_32_BIT_CONVERSION = YES;
				GCC_WARN_ABOUT_RETURN_TYPE = YES_ERROR;
				GCC_WARN_UNDECLARED_SELECTOR = YES;
				GCC_WARN_UNINITIALIZED_AUTOS = YES_AGGRESSIVE;
				GCC_WARN_UNUSED_FUNCTION = YES;
				GCC_WARN_UNUSED_VARIABLE = YES;
				IPHONEOS_DEPLOYMENT_TARGET = 17.2;
				LOCALIZATION_PREFERS_STRING_CATALOGS = YES;
				MTL_ENABLE_DEBUG_INFO = INCLUDE_SOURCE;
				MTL_FAST_MATH = YES;
				ONLY_ACTIVE_ARCH = YES;
				SDKROOT = iphoneos;
				SWIFT_ACTIVE_COMPILATION_CONDITIONS = "DEBUG $(inherited)";
				SWIFT_OPTIMIZATION_LEVEL = "-Onone";
			};
			name = Debug;
		};
		CE725D5B2C89120500386943 /* Release */ = {
			isa = XCBuildConfiguration;
			buildSettings = {
				ALWAYS_SEARCH_USER_PATHS = NO;
				ASSETCATALOG_COMPILER_GENERATE_SWIFT_ASSET_SYMBOL_EXTENSIONS = YES;
				CLANG_ANALYZER_NONNULL = YES;
				CLANG_ANALYZER_NUMBER_OBJECT_CONVERSION = YES_AGGRESSIVE;
				CLANG_CXX_LANGUAGE_STANDARD = "gnu++20";
				CLANG_ENABLE_MODULES = YES;
				CLANG_ENABLE_OBJC_ARC = YES;
				CLANG_ENABLE_OBJC_WEAK = YES;
				CLANG_WARN_BLOCK_CAPTURE_AUTORELEASING = YES;
				CLANG_WARN_BOOL_CONVERSION = YES;
				CLANG_WARN_COMMA = YES;
				CLANG_WARN_CONSTANT_CONVERSION = YES;
				CLANG_WARN_DEPRECATED_OBJC_IMPLEMENTATIONS = YES;
				CLANG_WARN_DIRECT_OBJC_ISA_USAGE = YES_ERROR;
				CLANG_WARN_DOCUMENTATION_COMMENTS = YES;
				CLANG_WARN_EMPTY_BODY = YES;
				CLANG_WARN_ENUM_CONVERSION = YES;
				CLANG_WARN_INFINITE_RECURSION = YES;
				CLANG_WARN_INT_CONVERSION = YES;
				CLANG_WARN_NON_LITERAL_NULL_CONVERSION = YES;
				CLANG_WARN_OBJC_IMPLICIT_RETAIN_SELF = YES;
				CLANG_WARN_OBJC_LITERAL_CONVERSION = YES;
				CLANG_WARN_OBJC_ROOT_CLASS = YES_ERROR;
				CLANG_WARN_QUOTED_INCLUDE_IN_FRAMEWORK_HEADER = YES;
				CLANG_WARN_RANGE_LOOP_ANALYSIS = YES;
				CLANG_WARN_STRICT_PROTOTYPES = YES;
				CLANG_WARN_SUSPICIOUS_MOVE = YES;
				CLANG_WARN_UNGUARDED_AVAILABILITY = YES_AGGRESSIVE;
				CLANG_WARN_UNREACHABLE_CODE = YES;
				CLANG_WARN__DUPLICATE_METHOD_MATCH = YES;
				COPY_PHASE_STRIP = NO;
				DEBUG_INFORMATION_FORMAT = "dwarf-with-dsym";
				ENABLE_NS_ASSERTIONS = NO;
				ENABLE_STRICT_OBJC_MSGSEND = YES;
				ENABLE_USER_SCRIPT_SANDBOXING = NO;
				GCC_C_LANGUAGE_STANDARD = gnu17;
				GCC_NO_COMMON_BLOCKS = YES;
				GCC_WARN_64_TO_32_BIT_CONVERSION = YES;
				GCC_WARN_ABOUT_RETURN_TYPE = YES_ERROR;
				GCC_WARN_UNDECLARED_SELECTOR = YES;
				GCC_WARN_UNINITIALIZED_AUTOS = YES_AGGRESSIVE;
				GCC_WARN_UNUSED_FUNCTION = YES;
				GCC_WARN_UNUSED_VARIABLE = YES;
				IPHONEOS_DEPLOYMENT_TARGET = 17.2;
				LOCALIZATION_PREFERS_STRING_CATALOGS = YES;
				MTL_ENABLE_DEBUG_INFO = NO;
				MTL_FAST_MATH = YES;
				SDKROOT = iphoneos;
				SWIFT_COMPILATION_MODE = wholemodule;
				VALIDATE_PRODUCT = YES;
			};
			name = Release;
		};
		CE725D5D2C89120500386943 /* Debug */ = {
			isa = XCBuildConfiguration;
			baseConfigurationReference = CEA25A962D75292900B9837A /* Keys.xcconfig */;
			buildSettings = {
				ASSETCATALOG_COMPILER_APPICON_NAME = AppIcon;
				ASSETCATALOG_COMPILER_GLOBAL_ACCENT_COLOR_NAME = AccentColor;
				CODE_SIGN_STYLE = Automatic;
				CURRENT_PROJECT_VERSION = 26;
				DEVELOPMENT_ASSET_PATHS = "\"score-ios/Preview Content\"";
				DEVELOPMENT_TEAM = H5ZTDCQ89H;
				ENABLE_PREVIEWS = YES;
				GENERATE_INFOPLIST_FILE = YES;
				INFOPLIST_FILE = "score-ios/Info.plist";
				INFOPLIST_KEY_CFBundleDisplayName = Score;
				INFOPLIST_KEY_ITSAppUsesNonExemptEncryption = NO;
				INFOPLIST_KEY_LSApplicationCategoryType = "public.app-category.sports";
				INFOPLIST_KEY_NSCalendarsFullAccessUsageDescription = "Allow calendar access to add Cornell games that aren't in your calendar.";
				INFOPLIST_KEY_UIApplicationSceneManifest_Generation = YES;
				INFOPLIST_KEY_UIApplicationSupportsIndirectInputEvents = YES;
				INFOPLIST_KEY_UILaunchScreen_Generation = YES;
				INFOPLIST_KEY_UISupportedInterfaceOrientations = UIInterfaceOrientationPortrait;
				INFOPLIST_KEY_UIUserInterfaceStyle = Light;
				LD_RUNPATH_SEARCH_PATHS = (
					"$(inherited)",
					"@executable_path/Frameworks",
				);
				MARKETING_VERSION = 1.0.3;
				PRODUCT_BUNDLE_IDENTIFIER = "com.cornellappdev.score-ios";
				PRODUCT_NAME = "$(TARGET_NAME)";
				SUPPORTED_PLATFORMS = "iphoneos iphonesimulator";
				SUPPORTS_MACCATALYST = NO;
				SWIFT_EMIT_LOC_STRINGS = YES;
				SWIFT_VERSION = 5.0;
				TARGETED_DEVICE_FAMILY = 1;
			};
			name = Debug;
		};
		CE725D5E2C89120500386943 /* Release */ = {
			isa = XCBuildConfiguration;
			baseConfigurationReference = CEA25A962D75292900B9837A /* Keys.xcconfig */;
			buildSettings = {
				ASSETCATALOG_COMPILER_APPICON_NAME = AppIcon;
				ASSETCATALOG_COMPILER_GLOBAL_ACCENT_COLOR_NAME = AccentColor;
				CODE_SIGN_STYLE = Automatic;
				CURRENT_PROJECT_VERSION = 26;
				DEVELOPMENT_ASSET_PATHS = "\"score-ios/Preview Content\"";
				DEVELOPMENT_TEAM = H5ZTDCQ89H;
				ENABLE_PREVIEWS = YES;
				GENERATE_INFOPLIST_FILE = YES;
				INFOPLIST_FILE = "score-ios/Info.plist";
				INFOPLIST_KEY_CFBundleDisplayName = Score;
				INFOPLIST_KEY_ITSAppUsesNonExemptEncryption = NO;
				INFOPLIST_KEY_LSApplicationCategoryType = "public.app-category.sports";
				INFOPLIST_KEY_NSCalendarsFullAccessUsageDescription = "Allow calendar access to add Cornell games that aren't in your calendar.";
				INFOPLIST_KEY_UIApplicationSceneManifest_Generation = YES;
				INFOPLIST_KEY_UIApplicationSupportsIndirectInputEvents = YES;
				INFOPLIST_KEY_UILaunchScreen_Generation = YES;
				INFOPLIST_KEY_UISupportedInterfaceOrientations = UIInterfaceOrientationPortrait;
				INFOPLIST_KEY_UIUserInterfaceStyle = Light;
				LD_RUNPATH_SEARCH_PATHS = (
					"$(inherited)",
					"@executable_path/Frameworks",
				);
				MARKETING_VERSION = 1.0.3;
				PRODUCT_BUNDLE_IDENTIFIER = "com.cornellappdev.score-ios";
				PRODUCT_NAME = "$(TARGET_NAME)";
				SUPPORTED_PLATFORMS = "iphoneos iphonesimulator";
				SUPPORTS_MACCATALYST = NO;
				SWIFT_EMIT_LOC_STRINGS = YES;
				SWIFT_VERSION = 5.0;
				TARGETED_DEVICE_FAMILY = 1;
			};
			name = Release;
		};
		CE725D602C89120500386943 /* Debug */ = {
			isa = XCBuildConfiguration;
			buildSettings = {
				BUNDLE_LOADER = "$(TEST_HOST)";
				CODE_SIGN_STYLE = Automatic;
				CURRENT_PROJECT_VERSION = 1;
				DEVELOPMENT_TEAM = 9VB7SD8G8W;
				GENERATE_INFOPLIST_FILE = YES;
				IPHONEOS_DEPLOYMENT_TARGET = 17.2;
				MARKETING_VERSION = 1.0;
				PRODUCT_BUNDLE_IDENTIFIER = "daniel-chuang.score-iosTests";
				PRODUCT_NAME = "$(TARGET_NAME)";
				SWIFT_EMIT_LOC_STRINGS = NO;
				SWIFT_VERSION = 5.0;
				TARGETED_DEVICE_FAMILY = "1,2";
				TEST_HOST = "$(BUILT_PRODUCTS_DIR)/score-ios.app/$(BUNDLE_EXECUTABLE_FOLDER_PATH)/score-ios";
			};
			name = Debug;
		};
		CE725D612C89120500386943 /* Release */ = {
			isa = XCBuildConfiguration;
			buildSettings = {
				BUNDLE_LOADER = "$(TEST_HOST)";
				CODE_SIGN_STYLE = Automatic;
				CURRENT_PROJECT_VERSION = 1;
				DEVELOPMENT_TEAM = 9VB7SD8G8W;
				GENERATE_INFOPLIST_FILE = YES;
				IPHONEOS_DEPLOYMENT_TARGET = 17.2;
				MARKETING_VERSION = 1.0;
				PRODUCT_BUNDLE_IDENTIFIER = "daniel-chuang.score-iosTests";
				PRODUCT_NAME = "$(TARGET_NAME)";
				SWIFT_EMIT_LOC_STRINGS = NO;
				SWIFT_VERSION = 5.0;
				TARGETED_DEVICE_FAMILY = "1,2";
				TEST_HOST = "$(BUILT_PRODUCTS_DIR)/score-ios.app/$(BUNDLE_EXECUTABLE_FOLDER_PATH)/score-ios";
			};
			name = Release;
		};
		CE725D632C89120500386943 /* Debug */ = {
			isa = XCBuildConfiguration;
			buildSettings = {
				CODE_SIGN_STYLE = Automatic;
				CURRENT_PROJECT_VERSION = 1;
				DEVELOPMENT_TEAM = 9VB7SD8G8W;
				GENERATE_INFOPLIST_FILE = YES;
				MARKETING_VERSION = 1.0;
				PRODUCT_BUNDLE_IDENTIFIER = "daniel-chuang.score-iosUITests";
				PRODUCT_NAME = "$(TARGET_NAME)";
				SWIFT_EMIT_LOC_STRINGS = NO;
				SWIFT_VERSION = 5.0;
				TARGETED_DEVICE_FAMILY = "1,2";
				TEST_TARGET_NAME = "score-ios";
			};
			name = Debug;
		};
		CE725D642C89120500386943 /* Release */ = {
			isa = XCBuildConfiguration;
			buildSettings = {
				CODE_SIGN_STYLE = Automatic;
				CURRENT_PROJECT_VERSION = 1;
				DEVELOPMENT_TEAM = 9VB7SD8G8W;
				GENERATE_INFOPLIST_FILE = YES;
				MARKETING_VERSION = 1.0;
				PRODUCT_BUNDLE_IDENTIFIER = "daniel-chuang.score-iosUITests";
				PRODUCT_NAME = "$(TARGET_NAME)";
				SWIFT_EMIT_LOC_STRINGS = NO;
				SWIFT_VERSION = 5.0;
				TARGETED_DEVICE_FAMILY = "1,2";
				TEST_TARGET_NAME = "score-ios";
			};
			name = Release;
		};
/* End XCBuildConfiguration section */

/* Begin XCConfigurationList section */
		CE725D332C89120100386943 /* Build configuration list for PBXProject "score-ios" */ = {
			isa = XCConfigurationList;
			buildConfigurations = (
				CE725D5A2C89120500386943 /* Debug */,
				CE725D5B2C89120500386943 /* Release */,
			);
			defaultConfigurationIsVisible = 0;
			defaultConfigurationName = Release;
		};
		CE725D5C2C89120500386943 /* Build configuration list for PBXNativeTarget "score-ios" */ = {
			isa = XCConfigurationList;
			buildConfigurations = (
				CE725D5D2C89120500386943 /* Debug */,
				CE725D5E2C89120500386943 /* Release */,
			);
			defaultConfigurationIsVisible = 0;
			defaultConfigurationName = Release;
		};
		CE725D5F2C89120500386943 /* Build configuration list for PBXNativeTarget "score-iosTests" */ = {
			isa = XCConfigurationList;
			buildConfigurations = (
				CE725D602C89120500386943 /* Debug */,
				CE725D612C89120500386943 /* Release */,
			);
			defaultConfigurationIsVisible = 0;
			defaultConfigurationName = Release;
		};
		CE725D622C89120500386943 /* Build configuration list for PBXNativeTarget "score-iosUITests" */ = {
			isa = XCConfigurationList;
			buildConfigurations = (
				CE725D632C89120500386943 /* Debug */,
				CE725D642C89120500386943 /* Release */,
			);
			defaultConfigurationIsVisible = 0;
			defaultConfigurationName = Release;
		};
/* End XCConfigurationList section */

/* Begin XCLocalSwiftPackageReference section */
		761050E32EC50DCC00FD73F8 /* XCLocalSwiftPackageReference "gameAPI" */ = {
			isa = XCLocalSwiftPackageReference;
			relativePath = gameAPI;
		};
/* End XCLocalSwiftPackageReference section */

/* Begin XCRemoteSwiftPackageReference section */
		D0A904F32E8DDD990008194B /* XCRemoteSwiftPackageReference "firebase-ios-sdk" */ = {
			isa = XCRemoteSwiftPackageReference;
			repositoryURL = "https://github.com/firebase/firebase-ios-sdk";
			requirement = {
				kind = upToNextMajorVersion;
				minimumVersion = 12.3.0;
			};
		};
		D89102012CED68D9004CE226 /* XCRemoteSwiftPackageReference "apollo-ios" */ = {
			isa = XCRemoteSwiftPackageReference;
			repositoryURL = "https://github.com/apollographql/apollo-ios.git";
			requirement = {
				kind = upToNextMajorVersion;
				minimumVersion = 2.1.0;
			};
		};
/* End XCRemoteSwiftPackageReference section */

/* Begin XCSwiftPackageProductDependency section */
		D0A904F42E8DDD990008194B /* FirebaseAnalytics */ = {
			isa = XCSwiftPackageProductDependency;
			package = D0A904F32E8DDD990008194B /* XCRemoteSwiftPackageReference "firebase-ios-sdk" */;
			productName = FirebaseAnalytics;
		};
		D0A904F62E8DDD990008194B /* FirebaseCore */ = {
			isa = XCSwiftPackageProductDependency;
			package = D0A904F32E8DDD990008194B /* XCRemoteSwiftPackageReference "firebase-ios-sdk" */;
			productName = FirebaseCore;
		};
		D0A904F82E8DDD990008194B /* FirebaseCrashlytics */ = {
			isa = XCSwiftPackageProductDependency;
			package = D0A904F32E8DDD990008194B /* XCRemoteSwiftPackageReference "firebase-ios-sdk" */;
			productName = FirebaseCrashlytics;
		};
		D89102032CED69EF004CE226 /* Apollo */ = {
			isa = XCSwiftPackageProductDependency;
			package = D89102012CED68D9004CE226 /* XCRemoteSwiftPackageReference "apollo-ios" */;
			productName = Apollo;
		};
		D89102172CF151DD004CE226 /* GameAPI */ = {
			isa = XCSwiftPackageProductDependency;
			productName = GameAPI;
		};
/* End XCSwiftPackageProductDependency section */
	};
	rootObject = CE725D302C89120100386943 /* Project object */;
}
